
Microsoft Visual Studio Solution File, Format Version 12.00
# Visual Studio 2013
VisualStudioVersion = 12.0.31101.0
MinimumVisualStudioVersion = 10.0.40219.1
Project("{FAE04EC0-301F-11D3-BF4B-00C04F79EFBC}") = "TASK_1", "Lesson_2\TASK_1.csproj", "{6DCE317F-B97C-4FBA-BCA6-0CF514B7E360}"
EndProject
Project("{FAE04EC0-301F-11D3-BF4B-00C04F79EFBC}") = "TASK_2", "TASK_2\TASK_2.csproj", "{678F80A1-875E-4A1B-BF51-844B59068889}"
EndProject
Global
	GlobalSection(SolutionConfigurationPlatforms) = preSolution
		Debug|Any CPU = Debug|Any CPU
		Release|Any CPU = Release|Any CPU
	EndGlobalSection
	GlobalSection(ProjectConfigurationPlatforms) = postSolution
		{6DCE317F-B97C-4FBA-BCA6-0CF514B7E360}.Debug|Any CPU.ActiveCfg = Debug|Any CPU
		{6DCE317F-B97C-4FBA-BCA6-0CF514B7E360}.Debug|Any CPU.Build.0 = Debug|Any CPU
		{6DCE317F-B97C-4FBA-BCA6-0CF514B7E360}.Release|Any CPU.ActiveCfg = Release|Any CPU
		{6DCE317F-B97C-4FBA-BCA6-0CF514B7E360}.Release|Any CPU.Build.0 = Release|Any CPU
		{678F80A1-875E-4A1B-BF51-844B59068889}.Debug|Any CPU.ActiveCfg = Debug|Any CPU
		{678F80A1-875E-4A1B-BF51-844B59068889}.Debug|Any CPU.Build.0 = Debug|Any CPU
		{678F80A1-875E-4A1B-BF51-844B59068889}.Release|Any CPU.ActiveCfg = Release|Any CPU
		{678F80A1-875E-4A1B-BF51-844B59068889}.Release|Any CPU.Build.0 = Release|Any CPU
	EndGlobalSection
	GlobalSection(SolutionProperties) = preSolution
		HideSolutionNode = FALSE
	EndGlobalSection
EndGlobal
